PODS:
  - Alamofire (4.7.3)
  - AlamofireObjectMapper (5.1.0):
    - Alamofire (~> 4.1)
    - ObjectMapper (~> 3.3)
  - Charts (3.2.0):
    - Charts/Core (= 3.2.0)
  - Charts/Core (3.2.0)
  - MBProgressHUD (1.0.0)
  - ObjectMapper (3.3.0)
  - OpenSSL-Universal (1.0.2.13)
  - SDWebImage (4.4.2):
    - SDWebImage/Core (= 4.4.2)
  - SDWebImage/Core (4.4.2)

DEPENDENCIES:
  - Alamofire (~> 4.0)
  - AlamofireObjectMapper
  - Charts
  - MBProgressHUD (~> 1.0.0)
  - OpenSSL-Universal
  - SDWebImage (~> 4.0)

SPEC REPOS:
  https://github.com/cocoapods/specs.git:
    - Alamofire
    - AlamofireObjectMapper
    - Charts
    - MBProgressHUD
    - ObjectMapper
    - OpenSSL-Universal
    - SDWebImage

SPEC CHECKSUMS:
  Alamofire: c7287b6e5d7da964a70935e5db17046b7fde6568
  AlamofireObjectMapper: 3395e698901d8b0e6f48b7d0c43bd47875325102
  Charts: 680c8328bd5e90cb14f67e00d2176f3113d19141
  MBProgressHUD: 4890f671c94e8a0f3cf959aa731e9de2f036d71a
  ObjectMapper: b612bf8c8e99c4dc0bb6013a51f7c27966ed5da9
  OpenSSL-Universal: 401888162f11c33ebbd46f782d9229da35c61327
  SDWebImage: 624d6e296c69b244bcede364c72ae0430ac14681

PODFILE CHECKSUM: e8a14852a117434d3e2370fb610a9c83e9a3a816

COCOAPODS: 1.5.3
