PODS:
  - CoreStore (5.3.1)
  - FLAnimatedImage (1.0.12)
  - KeychainAccess (3.1.2)
  - MBProgressHUD (1.0.0)
  - OpenSSL-Universal (1.0.2.13)
  - ReverseExtension (0.5.0)
  - ScrollableGraphView (4.0.6)
  - SDWebImage (4.4.2):
    - SDWebImage/Core (= 4.4.2)
  - SDWebImage/Core (4.4.2)

DEPENDENCIES:
  - CoreStore (~> 5.0)
  - FLAnimatedImage (~> 1.0)
  - KeychainAccess
  - MBProgressHUD (~> 1.0.0)
  - OpenSSL-Universal
  - ReverseExtension
  - ScrollableGraphView
  - SDWebImage (~> 4.0)

SPEC REPOS:
  https://github.com/cocoapods/specs.git:
    - CoreStore
    - FLAnimatedImage
    - KeychainAccess
    - MBProgressHUD
    - OpenSSL-Universal
    - ReverseExtension
    - ScrollableGraphView
    - SDWebImage

SPEC CHECKSUMS:
  CoreStore: 89d0c8e7a9d76d0c533018b4850245c973f4ecbd
  FLAnimatedImage: 4a0b56255d9b05f18b6dd7ee06871be5d3b89e31
  KeychainAccess: b3816fddcf28aa29d94b10ec305cd52be14c472b
  MBProgressHUD: 4890f671c94e8a0f3cf959aa731e9de2f036d71a
  OpenSSL-Universal: 401888162f11c33ebbd46f782d9229da35c61327
  ReverseExtension: 21c8dd4e767f93b56fb97d873686d24160f83945
  ScrollableGraphView: 4af35d4ea9ecdec665d34a74da51da161ddff8ac
  SDWebImage: 624d6e296c69b244bcede364c72ae0430ac14681

PODFILE CHECKSUM: 13e647ef7a3acb4ea8e6240075a96577aae397eb

COCOAPODS: 1.5.3
